
Microsoft Visual Studio Solution File, Format Version 12.00
# Visual Studio 15
VisualStudioVersion = 15.0.28307.1145
MinimumVisualStudioVersion = 10.0.40219.1
Project("{FAE04EC0-301F-11D3-BF4B-00C04F79EFBC}") = "SonarTest1", "SonarTest1\SonarTest1.csproj", "{39DF4708-CE88-4B96-BCCB-C01CF6A3C942}"
EndProject
Global
	GlobalSection(SolutionConfigurationPlatforms) = preSolution
		Debug|Any CPU = Debug|Any CPU
		Release|Any CPU = Release|Any CPU
	EndGlobalSection
	GlobalSection(ProjectConfigurationPlatforms) = postSolution
		{39DF4708-CE88-4B96-BCCB-C01CF6A3C942}.Debug|Any CPU.ActiveCfg = Debug|Any CPU
		{39DF4708-CE88-4B96-BCCB-C01CF6A3C942}.Debug|Any CPU.Build.0 = Debug|Any CPU
		{39DF4708-CE88-4B96-BCCB-C01CF6A3C942}.Release|Any CPU.ActiveCfg = Release|Any CPU
		{39DF4708-CE88-4B96-BCCB-C01CF6A3C942}.Release|Any CPU.Build.0 = Release|Any CPU
	EndGlobalSection
	GlobalSection(SolutionProperties) = preSolution
		HideSolutionNode = FALSE
	EndGlobalSection
	GlobalSection(ExtensibilityGlobals) = postSolution
		SolutionGuid = {253B5528-8C95-446A-8724-3802D7293059}
	EndGlobalSection
EndGlobal
